Microsoft Visual Studio Solution File, Format Version 12.00
# Visual Studio 15
VisualStudioVersion = 15.0.26621.2
MinimumVisualStudioVersion = 10.0.40219.1
Project("{2150E333-8FDC-42A3-9474-1A3956D46DE8}") = "Solution Items", "Solution Items", "{2F337CB6-0B9E-4765-A277-487E429DE9F1}"
	ProjectSection(SolutionItems) = preProject
		.editorconfig = .editorconfig
		.gitattributes = .gitattributes
		.gitignore = .gitignore
		License.md = License.md
		NuGet.config = NuGet.config
		ReadMe.md = ReadMe.md
	EndProjectSection
EndProject
Project("{2150E333-8FDC-42A3-9474-1A3956D46DE8}") = "Imports", "Imports", "{4FCA2F8C-0299-455F-973F-84970BD71193}"
	ProjectSection(SolutionItems) = preProject
		Imports\TerraFX.Common.props = Imports\TerraFX.Common.props
		Imports\TerraFX.Common.targets = Imports\TerraFX.Common.targets
		Imports\TerraFX.GenerateInternalsVisibleTo.targets = Imports\TerraFX.GenerateInternalsVisibleTo.targets
		Imports\TerraFX.UnitTests.props = Imports\TerraFX.UnitTests.props
		Imports\TerraFX.UnitTests.targets = Imports\TerraFX.UnitTests.targets
	EndProjectSection
EndProject
Project("{2150E333-8FDC-42A3-9474-1A3956D46DE8}") = "Shared", "Shared", "{BB2E0585-68EF-44B1-9CBB-F23A99292018}"
EndProject
Project("{2150E333-8FDC-42A3-9474-1A3956D46DE8}") = "Common", "Common", "{B1B4AF0D-BE0C-4D4A-B659-3D7780220978}"
	ProjectSection(SolutionItems) = preProject
		Imports\Shared\Common\TerraFX.snk = Imports\Shared\Common\TerraFX.snk
	EndProjectSection
EndProject
Project("{2150E333-8FDC-42A3-9474-1A3956D46DE8}") = "UnitTests", "UnitTests", "{109DEA83-38C3-4931-AFDE-AE81BAA44A04}"
	ProjectSection(SolutionItems) = preProject
		Imports\Shared\UnitTests\Program.cs = Imports\Shared\UnitTests\Program.cs
	EndProjectSection
EndProject
Project("{2150E333-8FDC-42A3-9474-1A3956D46DE8}") = "Sources", "Sources", "{0B821858-8E47-4485-AC06-D2E971A53EB2}"
EndProject
Project("{2150E333-8FDC-42A3-9474-1A3956D46DE8}") = "Tests", "Tests", "{EFB05081-EC44-49D3-B6D1-52AE42085B5B}"
EndProject
Project("{2150E333-8FDC-42A3-9474-1A3956D46DE8}") = "Interop", "Interop", "{70FBCFD9-B96E-4E72-B35C-681D9B2DA3D6}"
EndProject
Project("{2150E333-8FDC-42A3-9474-1A3956D46DE8}") = "Win32", "Win32", "{4A23050C-3DC0-4FB8-B305-DE4F9C2F3106}"
EndProject
Project("{2150E333-8FDC-42A3-9474-1A3956D46DE8}") = "WTypes", "WTypes", "{B3B2E259-4CED-4825-AEBC-46A98E464149}"
EndProject
Project("{9A19103F-16F7-4668-BE54-9A1E7A4F7556}") = "TerraFX.Interop.Win32.WTypes", "Sources\Interop\Win32\WTypes\TerraFX.Interop.Win32.WTypes.csproj", "{4D17658E-3181-4FF1-B7AC-3BEF03DEB8B8}"
EndProject
Project("{2150E333-8FDC-42A3-9474-1A3956D46DE8}") = "Unknwn", "Unknwn", "{FB42A079-D737-44AD-AB05-0F99BEC495E6}"
EndProject
Project("{9A19103F-16F7-4668-BE54-9A1E7A4F7556}") = "TerraFX.Interop.Win32.Unknwn", "Sources\Interop\Win32\Unknwn\TerraFX.Interop.Win32.Unknwn.csproj", "{F7AF8A2C-651B-400A-80C1-E321A2534E54}"
EndProject
Project("{2150E333-8FDC-42A3-9474-1A3956D46DE8}") = "Core", "Core", "{1FF4DCCD-9042-430F-9764-2C358EEE8F77}"
EndProject
Project("{9A19103F-16F7-4668-BE54-9A1E7A4F7556}") = "TerraFX", "Sources\Core\TerraFX.csproj", "{9A453339-ADD8-452C-A2B0-F32B12009168}"
EndProject
Project("{2150E333-8FDC-42A3-9474-1A3956D46DE8}") = "Graphics", "Graphics", "{0A9489D2-54F3-4797-9E2F-A56D08227A0C}"
EndProject
Project("{9A19103F-16F7-4668-BE54-9A1E7A4F7556}") = "TerraFX.Graphics", "Sources\Graphics\TerraFX.Graphics.csproj", "{C6F7C0BE-6977-48BA-9F87-33652E45DD58}"
EndProject
Project("{2150E333-8FDC-42A3-9474-1A3956D46DE8}") = "Resources", "Resources", "{76773F45-3006-45F1-85CE-0FE44840376C}"
EndProject
Project("{2150E333-8FDC-42A3-9474-1A3956D46DE8}") = "Threading", "Threading", "{970F49CB-7852-41E4-B673-3222F0000C4C}"
EndProject
Project("{2150E333-8FDC-42A3-9474-1A3956D46DE8}") = "Utilities", "Utilities", "{94CB40F4-9B09-4A3C-90C1-78035B95733F}"
EndProject
Project("{9A19103F-16F7-4668-BE54-9A1E7A4F7556}") = "TerraFX.Utilities", "Sources\Utilities\TerraFX.Utilities.csproj", "{1C369A34-8580-424F-A446-7623E9F4FEC3}"
EndProject
Project("{9A19103F-16F7-4668-BE54-9A1E7A4F7556}") = "TerraFX.Threading", "Sources\Threading\TerraFX.Threading.csproj", "{9B53279A-1881-434D-A256-B6FB468B3A18}"
EndProject
Project("{9A19103F-16F7-4668-BE54-9A1E7A4F7556}") = "TerraFX.Resources", "Sources\Resources\TerraFX.Resources.csproj", "{E3044F11-5EEC-4E97-9050-B238283735AD}"
EndProject
Project("{2150E333-8FDC-42A3-9474-1A3956D46DE8}") = "Provider", "Provider", "{1E3A071E-418D-46C8-9064-CC625EC2408D}"
EndProject
Project("{2150E333-8FDC-42A3-9474-1A3956D46DE8}") = "Win32", "Win32", "{A6513130-FB03-4D31-97F6-EB1876310786}"
EndProject
Project("{9A19103F-16F7-4668-BE54-9A1E7A4F7556}") = "TerraFX.Provider.Win32", "Sources\Provider\Win32\TerraFX.Provider.Win32.csproj", "{3955AB1D-D7B3-438E-BAF4-2BFFADB29659}"
EndProject
Project("{2150E333-8FDC-42A3-9474-1A3956D46DE8}") = "Vulkan", "Vulkan", "{06A829AF-9408-4ACC-9A1E-F23B7F719BD5}"
EndProject
Project("{9A19103F-16F7-4668-BE54-9A1E7A4F7556}") = "TerraFX.Interop.Vulkan", "Sources\Interop\Vulkan\TerraFX.Interop.Vulkan.csproj", "{C524FB60-CF37-47B5-83DF-5352900AF5D5}"
EndProject
Project("{2150E333-8FDC-42A3-9474-1A3956D46DE8}") = "D3DCommon", "D3DCommon", "{1FDC6E71-0E96-472A-B3F9-ECF807F2B338}"
EndProject
Project("{9A19103F-16F7-4668-BE54-9A1E7A4F7556}") = "TerraFX.Interop.Win32.D3DCommon", "Sources\Interop\Win32\D3DCommon\TerraFX.Interop.Win32.D3DCommon.csproj", "{93372805-88C4-49EF-8610-C12BB0EC2243}"
EndProject
Project("{2150E333-8FDC-42A3-9474-1A3956D46DE8}") = "DXGI", "DXGI", "{F503A819-B11F-4FAC-B183-9D52534CAF00}"
EndProject
Project("{2150E333-8FDC-42A3-9474-1A3956D46DE8}") = "DXGIType", "DXGIType", "{A7064DCF-4531-432C-AF80-3D7CD546C530}"
EndProject
Project("{2150E333-8FDC-42A3-9474-1A3956D46DE8}") = "DXGIDebug", "DXGIDebug", "{666D9BFB-95F2-41F1-A51E-38C9AE363EB4}"
EndProject
Project("{9A19103F-16F7-4668-BE54-9A1E7A4F7556}") = "TerraFX.Interop.Win32.DXGIDebug", "Sources\Interop\Win32\DXGIDebug\TerraFX.Interop.Win32.DXGIDebug.csproj", "{5DDBBB2A-6629-43A6-80E6-747BD1019800}"
EndProject
Project("{9A19103F-16F7-4668-BE54-9A1E7A4F7556}") = "TerraFX.Interop.Win32.DXGIType", "Sources\Interop\Win32\DXGIType\TerraFX.Interop.Win32.DXGIType.csproj", "{A6743D78-BB5E-44E0-A55A-8A4620BE60CD}"
EndProject
Project("{9A19103F-16F7-4668-BE54-9A1E7A4F7556}") = "TerraFX.Interop.Win32.DXGI", "Sources\Interop\Win32\DXGI\TerraFX.Interop.Win32.DXGI.csproj", "{4F66B72D-D6B1-4122-983B-33D8624AD4E9}"
EndProject
Project("{2150E333-8FDC-42A3-9474-1A3956D46DE8}") = "D3D12", "D3D12", "{F66C082A-69AD-41A4-BF75-751C69055AF9}"
EndProject
Project("{9A19103F-16F7-4668-BE54-9A1E7A4F7556}") = "TerraFX.Interop.Win32.D3D12", "Sources\Interop\Win32\D3D12\TerraFX.Interop.Win32.D3D12.csproj", "{A1C52EBC-CB11-4DE1-BD38-C833FDB2AD13}"
EndProject
Project("{2150E333-8FDC-42A3-9474-1A3956D46DE8}") = "D3D12Shader", "D3D12Shader", "{9E23849B-19DA-4968-8E5B-37EDA0EDD520}"
EndProject
Project("{2150E333-8FDC-42A3-9474-1A3956D46DE8}") = "D3D12SDKLayers", "D3D12SDKLayers", "{21D5410C-3D6F-4A8C-940E-0128912FF166}"
EndProject
Project("{9A19103F-16F7-4668-BE54-9A1E7A4F7556}") = "TerraFX.Interop.Win32.D3D12SDKLayers", "Sources\Interop\Win32\D3D12SDKLayers\TerraFX.Interop.Win32.D3D12SDKLayers.csproj", "{DB7694A3-AD61-4ECC-AB96-4C3B9F870BD5}"
EndProject
Project("{9A19103F-16F7-4668-BE54-9A1E7A4F7556}") = "TerraFX.Interop.Win32.D3D12Shader", "Sources\Interop\Win32\D3D12Shader\TerraFX.Interop.Win32.D3D12Shader.csproj", "{455BAEF8-D79E-4785-84AA-954AA213F38A}"
EndProject
Project("{2150E333-8FDC-42A3-9474-1A3956D46DE8}") = "Core", "Core", "{EB4C90BE-C69F-4B3E-B188-5B266B7EBB7D}"
EndProject
Project("{2150E333-8FDC-42A3-9474-1A3956D46DE8}") = "Graphics", "Graphics", "{94EB567F-485C-4C0A-BEBC-9AAB1911C568}"
EndProject
Project("{2150E333-8FDC-42A3-9474-1A3956D46DE8}") = "Interop", "Interop", "{7E31C739-2787-44ED-8304-7EFCEE1A2B2C}"
EndProject
Project("{2150E333-8FDC-42A3-9474-1A3956D46DE8}") = "Vulkan", "Vulkan", "{2BB35CA0-985E-48D6-B849-A083C15F7F5D}"
EndProject
Project("{2150E333-8FDC-42A3-9474-1A3956D46DE8}") = "Win32", "Win32", "{84117513-C0D0-4BC1-A219-6EADAB77A233}"
EndProject
Project("{2150E333-8FDC-42A3-9474-1A3956D46DE8}") = "D3D12", "D3D12", "{C08355D7-BED4-4CC2-B579-3EDC9E1125A1}"
EndProject
Project("{2150E333-8FDC-42A3-9474-1A3956D46DE8}") = "D3D12SDKLayers", "D3D12SDKLayers", "{30EE918C-1936-40B7-9C91-FA02E8FC443E}"
EndProject
Project("{2150E333-8FDC-42A3-9474-1A3956D46DE8}") = "D3D12Shader", "D3D12Shader", "{28A3BA91-1857-4FCE-B270-50FC0196C78E}"
EndProject
Project("{2150E333-8FDC-42A3-9474-1A3956D46DE8}") = "D3DCommon", "D3DCommon", "{404375E2-C578-4AC1-BD95-A3DF6AEE47F5}"
EndProject
Project("{2150E333-8FDC-42A3-9474-1A3956D46DE8}") = "DXGI", "DXGI", "{25B6AE02-EEFE-4771-B047-60F06F86E8D4}"
EndProject
Project("{2150E333-8FDC-42A3-9474-1A3956D46DE8}") = "DXGIDebug", "DXGIDebug", "{07D6246A-15FF-4A7E-A92D-C9A04900035F}"
EndProject
Project("{2150E333-8FDC-42A3-9474-1A3956D46DE8}") = "DXGIType", "DXGIType", "{3A5E325D-D7F5-46E6-B708-DEB943681D66}"
EndProject
Project("{2150E333-8FDC-42A3-9474-1A3956D46DE8}") = "Unknwn", "Unknwn", "{4D41F091-7191-4740-B40B-748DB81BA858}"
EndProject
Project("{2150E333-8FDC-42A3-9474-1A3956D46DE8}") = "WTypes", "WTypes", "{34181984-674E-4379-8E3B-75DDD1206D3B}"
EndProject
Project("{2150E333-8FDC-42A3-9474-1A3956D46DE8}") = "Provider", "Provider", "{041652D1-304F-4FB9-881A-F0A370D5472B}"
EndProject
Project("{2150E333-8FDC-42A3-9474-1A3956D46DE8}") = "Win32", "Win32", "{218BEC41-6EFF-4E48-A435-549F4C1068FA}"
EndProject
Project("{2150E333-8FDC-42A3-9474-1A3956D46DE8}") = "Resources", "Resources", "{2D668B6C-BCB7-4A5E-858C-8AEA408C631C}"
EndProject
Project("{2150E333-8FDC-42A3-9474-1A3956D46DE8}") = "Threading", "Threading", "{3C762C2E-F560-4A51-922D-14B94120B2A1}"
EndProject
Project("{2150E333-8FDC-42A3-9474-1A3956D46DE8}") = "Utilities", "Utilities", "{07436576-8F5B-4B59-9EE9-B47ED375FF4D}"
EndProject
Project("{9A19103F-16F7-4668-BE54-9A1E7A4F7556}") = "TerraFX.UnitTests", "Tests\Core\TerraFX.UnitTests.csproj", "{2A76F77D-F8C8-4B60-8356-74E9ABC9492D}"
EndProject
Project("{9A19103F-16F7-4668-BE54-9A1E7A4F7556}") = "TerraFX.Graphics.UnitTests", "Tests\Graphics\TerraFX.Graphics.UnitTests.csproj", "{4AE33F9F-4DE3-432A-A35E-F83EC5021073}"
EndProject
Project("{9A19103F-16F7-4668-BE54-9A1E7A4F7556}") = "TerraFX.Interop.Vulkan.UnitTests", "Tests\Interop\Vulkan\TerraFX.Interop.Vulkan.UnitTests.csproj", "{36F3B9F5-C894-421F-AAB2-20455380E779}"
EndProject
Project("{9A19103F-16F7-4668-BE54-9A1E7A4F7556}") = "TerraFX.Interop.Win32.D3D12.UnitTests", "Tests\Interop\Win32\D3D12\TerraFX.Interop.Win32.D3D12.UnitTests.csproj", "{5894E851-2C33-473A-B4BE-9514B490D702}"
EndProject
Project("{9A19103F-16F7-4668-BE54-9A1E7A4F7556}") = "TerraFX.Interop.Win32.D3D12SDKLayers.UnitTests", "Tests\Interop\Win32\D3D12SDKLayers\TerraFX.Interop.Win32.D3D12SDKLayers.UnitTests.csproj", "{9A4D9043-482F-4BBE-ACBD-085793B46538}"
EndProject
Project("{9A19103F-16F7-4668-BE54-9A1E7A4F7556}") = "TerraFX.Interop.Win32.D3D12Shader.UnitTests", "Tests\Interop\Win32\D3D12Shader\TerraFX.Interop.Win32.D3D12Shader.UnitTests.csproj", "{8845575F-C125-40BC-950A-BBD6F27D8F86}"
EndProject
Project("{9A19103F-16F7-4668-BE54-9A1E7A4F7556}") = "TerraFX.Interop.Win32.D3DCommon.UnitTests", "Tests\Interop\Win32\D3DCommon\TerraFX.Interop.Win32.D3DCommon.UnitTests.csproj", "{C98D0311-A561-416C-8626-606D149B2C98}"
EndProject
Project("{9A19103F-16F7-4668-BE54-9A1E7A4F7556}") = "TerraFX.Interop.Win32.DXGI.UnitTests", "Tests\Interop\Win32\DXGI\TerraFX.Interop.Win32.DXGI.UnitTests.csproj", "{B46ED9E4-0CAB-4451-BAE6-9EC1F1D3F27F}"
EndProject
Project("{9A19103F-16F7-4668-BE54-9A1E7A4F7556}") = "TerraFX.Interop.Win32.DXGIDebug.UnitTests", "Tests\Interop\Win32\DXGIDebug\TerraFX.Interop.Win32.DXGIDebug.UnitTests.csproj", "{DDC86C66-75D5-4C9A-9A7D-7ACC98A1FAE1}"
EndProject
Project("{9A19103F-16F7-4668-BE54-9A1E7A4F7556}") = "TerraFX.Interop.Win32.DXGIType.UnitTests", "Tests\Interop\Win32\DXGIType\TerraFX.Interop.Win32.DXGIType.UnitTests.csproj", "{E06E5DEA-4F4C-4E27-8B17-2EA437625307}"
EndProject
Project("{9A19103F-16F7-4668-BE54-9A1E7A4F7556}") = "TerraFX.Interop.Win32.Unknwn.UnitTests", "Tests\Interop\Win32\Unknwn\TerraFX.Interop.Win32.Unknwn.UnitTests.csproj", "{44DB20A1-E709-4E16-96F3-AC6E469531A5}"
EndProject
Project("{9A19103F-16F7-4668-BE54-9A1E7A4F7556}") = "TerraFX.Interop.Win32.WTypes.UnitTests", "Tests\Interop\Win32\WTypes\TerraFX.Interop.Win32.WTypes.UnitTests.csproj", "{DF3CF5ED-67BC-4F8E-8808-3214448E9383}"
EndProject
Project("{9A19103F-16F7-4668-BE54-9A1E7A4F7556}") = "TerraFX.Provider.Win32.UnitTests", "Tests\Provider\Win32\TerraFX.Provider.Win32.UnitTests.csproj", "{5B56B95E-A4B8-4854-AF85-B7EBE56DCB39}"
EndProject
Project("{9A19103F-16F7-4668-BE54-9A1E7A4F7556}") = "TerraFX.Resources.UnitTests", "Tests\Resources\TerraFX.Resources.UnitTests.csproj", "{3069B132-1771-4DE4-9343-10068D10F042}"
EndProject
Project("{9A19103F-16F7-4668-BE54-9A1E7A4F7556}") = "TerraFX.Threading.UnitTests", "Tests\Threading\TerraFX.Threading.UnitTests.csproj", "{66D34A0C-3FE3-4D56-90A8-0EE5EF118AC3}"
EndProject
Project("{9A19103F-16F7-4668-BE54-9A1E7A4F7556}") = "TerraFX.Utilities.UnitTests", "Tests\Utilities\TerraFX.Utilities.UnitTests.csproj", "{1E2FD09A-6C12-439A-A6E0-E4F0FE24AE42}"
EndProject
Project("{2150E333-8FDC-42A3-9474-1A3956D46DE8}") = "WinUser", "WinUser", "{7B19B615-C2DD-49DA-BFE8-BD8B9CD62C64}"
EndProject
Project("{2150E333-8FDC-42A3-9474-1A3956D46DE8}") = "WinUser", "WinUser", "{13022171-DE00-41F1-80B4-BDA371ED6A62}"
EndProject
Project("{9A19103F-16F7-4668-BE54-9A1E7A4F7556}") = "TerraFX.Interop.Win32.WinUser", "Sources\Interop\Win32\WinUser\TerraFX.Interop.Win32.WinUser.csproj", "{BE16E4BE-73A5-4D8C-819C-C04173FD1C07}"
EndProject
Project("{9A19103F-16F7-4668-BE54-9A1E7A4F7556}") = "TerraFX.Interop.Win32.WinUser.UnitTests", "Tests\Interop\Win32\WinUser\TerraFX.Interop.Win32.WinUser.UnitTests.csproj", "{34E14A6D-ABC3-43FF-8143-FB130E92D936}"
EndProject
Project("{2150E333-8FDC-42A3-9474-1A3956D46DE8}") = "UI", "UI", "{D7FDC089-3AB5-4A13-8495-60CA01CBA609}"
EndProject
Project("{2150E333-8FDC-42A3-9474-1A3956D46DE8}") = "ApplicationModel", "ApplicationModel", "{F5CB0E20-20DD-4AFF-AD7A-9FDA63567EC0}"
EndProject
Project("{9A19103F-16F7-4668-BE54-9A1E7A4F7556}") = "TerraFX.ApplicationModel", "Sources\ApplicationModel\TerraFX.ApplicationModel.csproj", "{A5B356C4-7171-4E88-9240-ACF5138F9D51}"
EndProject
Project("{2150E333-8FDC-42A3-9474-1A3956D46DE8}") = "ApplicationModel", "ApplicationModel", "{AD32DE3D-FBCD-4B12-A225-5CE00B09D432}"
EndProject
Project("{9A19103F-16F7-4668-BE54-9A1E7A4F7556}") = "TerraFX.ApplicationModel.UnitTests", "Tests\ApplicationModel\TerraFX.ApplicationModel.UnitTests.csproj", "{DA21E9F9-1009-4DEC-A91F-7CD210956D63}"
EndProject
Project("{2150E333-8FDC-42A3-9474-1A3956D46DE8}") = "UI", "UI", "{D067E62D-D325-44E9-A3D8-4FEDB2A76E3A}"
EndProject
Project("{9A19103F-16F7-4668-BE54-9A1E7A4F7556}") = "TerraFX.UI", "Sources\UI\TerraFX.UI.csproj", "{AF4C7339-E85E-457E-BB9C-C9D98FEC5217}"
EndProject
Project("{9A19103F-16F7-4668-BE54-9A1E7A4F7556}") = "TerraFX.UI.UnitTests", "Tests\UI\TerraFX.UI.UnitTests.csproj", "{F81C3272-3809-46F3-8954-8E5B5F603699}"
EndProject
Project("{2150E333-8FDC-42A3-9474-1A3956D46DE8}") = "libX11", "libX11", "{63D2AF3C-3ACA-4FEA-94F9-58A30B5D175A}"
EndProject
Project("{9A19103F-16F7-4668-BE54-9A1E7A4F7556}") = "TerraFX.Interop.libX11", "Sources\Interop\libX11\TerraFX.Interop.libX11.csproj", "{71ACA9BE-5460-401A-8768-33FA25046A46}"
EndProject
Project("{2150E333-8FDC-42A3-9474-1A3956D46DE8}") = "libX11", "libX11", "{32D5D5C6-C467-4200-A978-4DCEBAD16ABF}"
EndProject
Project("{9A19103F-16F7-4668-BE54-9A1E7A4F7556}") = "TerraFX.Interop.libX11.UnitTests", "Tests\Interop\libX11\TerraFX.Interop.libX11.UnitTests.csproj", "{FE1214EA-21BD-4087-AD01-D42DBA8572FE}"
EndProject
Project("{2150E333-8FDC-42A3-9474-1A3956D46DE8}") = "libX11", "libX11", "{702ACB0F-E063-4B6C-931D-18E282E46498}"
EndProject
Project("{9A19103F-16F7-4668-BE54-9A1E7A4F7556}") = "TerraFX.Provider.libX11", "Sources\Provider\libX11\TerraFX.Provider.libX11.csproj", "{BFB0F414-2C9C-4CCE-94F8-0E62A52E7B7C}"
EndProject
Project("{2150E333-8FDC-42A3-9474-1A3956D46DE8}") = "libX11", "libX11", "{DD60CE99-7659-40F3-B3E1-12F842E7CD7F}"
EndProject
Project("{9A19103F-16F7-4668-BE54-9A1E7A4F7556}") = "TerraFX.Provider.libX11.UnitTests", "Tests\Provider\libX11\TerraFX.Provider.libX11.UnitTests.csproj", "{90666EBB-0650-4511-9538-1B60DCB9A685}"
EndProject
Project("{2150E333-8FDC-42A3-9474-1A3956D46DE8}") = "libc", "libc", "{1CE21089-474A-40CB-AD1B-4E231418814A}"
EndProject
Project("{9A19103F-16F7-4668-BE54-9A1E7A4F7556}") = "TerraFX.Interop.libc", "Sources\Interop\libc\TerraFX.Interop.libc.csproj", "{23EA4B82-5D73-4586-B480-5F61FDE1CFA7}"
EndProject
Project("{2150E333-8FDC-42A3-9474-1A3956D46DE8}") = "libc", "libc", "{AB49774C-4FC6-4726-9677-42C2F4080FEE}"
EndProject
Project("{9A19103F-16F7-4668-BE54-9A1E7A4F7556}") = "TerraFX.Interop.libc.UnitTests", "Tests\Interop\libc\TerraFX.Interop.libc.UnitTests.csproj", "{8E947243-7E4E-451D-8C60-86E15229B566}"
EndProject
Project("{2150E333-8FDC-42A3-9474-1A3956D46DE8}") = "D2D1", "D2D1", "{E1D62E5A-2278-4DF4-B43C-8A4CDC360C2F}"
EndProject
Project("{2150E333-8FDC-42A3-9474-1A3956D46DE8}") = "DWrite", "DWrite", "{FFBCF605-A7A3-4B1B-8C27-69DF0395251C}"
EndProject
Project("{9A19103F-16F7-4668-BE54-9A1E7A4F7556}") = "TerraFX.Interop.Win32.DWrite", "Sources\Interop\Win32\DWrite\TerraFX.Interop.Win32.DWrite.csproj", "{7A78E468-58BE-4BD1-91DA-6467F51F0E8D}"
EndProject
Project("{2150E333-8FDC-42A3-9474-1A3956D46DE8}") = "D2D1", "D2D1", "{20D95CDE-AA85-4E4C-BC25-9A9472F20099}"
EndProject
Project("{2150E333-8FDC-42A3-9474-1A3956D46DE8}") = "DWrite", "DWrite", "{F54A54F7-DC05-4D3A-81A3-F42492E52CF3}"
EndProject
Project("{9A19103F-16F7-4668-BE54-9A1E7A4F7556}") = "TerraFX.Interop.Win32.DWrite.UnitTests", "Tests\Interop\Win32\DWrite\TerraFX.Interop.Win32.DWrite.UnitTests.csproj", "{FFAB6548-95AE-40CA-8DAD-50F8DB32D8C4}"
EndProject
Project("{2150E333-8FDC-42A3-9474-1A3956D46DE8}") = "DCommon", "DCommon", "{9B5D83FF-CB7B-4D5F-9181-028736A67BAB}"
EndProject
Project("{2150E333-8FDC-42A3-9474-1A3956D46DE8}") = "DCommon", "DCommon", "{28F20C6C-A6E3-433F-9108-693FE8B9ACB2}"
EndProject
Project("{9A19103F-16F7-4668-BE54-9A1E7A4F7556}") = "TerraFX.Interop.Win32.DCommon.UnitTests", "Tests\Interop\Win32\DCommon\TerraFX.Interop.Win32.DCommon.UnitTests.csproj", "{57D499B1-BB31-4FD7-BFDD-EA21FF56745E}"
EndProject
Project("{9A19103F-16F7-4668-BE54-9A1E7A4F7556}") = "TerraFX.Interop.Win32.DCommon", "Sources\Interop\Win32\DCommon\TerraFX.Interop.Win32.DCommon.csproj", "{0207DDAF-F78D-4F58-9678-D5A5897B6FF9}"
EndProject
Project("{9A19103F-16F7-4668-BE54-9A1E7A4F7556}") = "TerraFX.Interop.Win32.D2D1", "Sources\Interop\Win32\D2D1\TerraFX.Interop.Win32.D2D1.csproj", "{38308E36-F074-49F7-8AF7-F289F3CC6DBC}"
EndProject
Project("{9A19103F-16F7-4668-BE54-9A1E7A4F7556}") = "TerraFX.Interop.Win32.D2D1.UnitTests", "Tests\Interop\Win32\D2D1\TerraFX.Interop.Win32.D2D1.UnitTests.csproj", "{204E538E-7A31-498A-97F9-40EE425A8D0C}"
EndProject
Project("{2150E333-8FDC-42A3-9474-1A3956D46DE8}") = "WinCodec", "WinCodec", "{B281F830-5F79-4E09-9442-60CC8E1ABD62}"
EndProject
Project("{9A19103F-16F7-4668-BE54-9A1E7A4F7556}") = "TerraFX.Interop.Win32.WinCodec", "Sources\Interop\Win32\WinCodec\TerraFX.Interop.Win32.WinCodec.csproj", "{BB91EA6B-DAB2-4A09-BA07-573B596C1D73}"
EndProject
Project("{2150E333-8FDC-42A3-9474-1A3956D46DE8}") = "WinCodec", "WinCodec", "{979DEFA3-0D0F-4CB8-B44F-B8A3D8D81529}"
EndProject
Project("{9A19103F-16F7-4668-BE54-9A1E7A4F7556}") = "TerraFX.Interop.Win32.WinCodec.UnitTests", "Tests\Interop\Win32\WinCodec\TerraFX.Interop.Win32.WinCodec.UnitTests.csproj", "{7B17E646-2738-4201-8B84-FD33B6AFB338}"
EndProject
Global
	GlobalSection(SolutionConfigurationPlatforms) = preSolution
		Debug|Any CPU = Debug|Any CPU
		Release|Any CPU = Release|Any CPU
	EndGlobalSection
	GlobalSection(ProjectConfigurationPlatforms) = postSolution
		{4D17658E-3181-4FF1-B7AC-3BEF03DEB8B8}.Debug|Any CPU.ActiveCfg = Debug|Any CPU
		{4D17658E-3181-4FF1-B7AC-3BEF03DEB8B8}.Debug|Any CPU.Build.0 = Debug|Any CPU
		{4D17658E-3181-4FF1-B7AC-3BEF03DEB8B8}.Release|Any CPU.ActiveCfg = Release|Any CPU
		{4D17658E-3181-4FF1-B7AC-3BEF03DEB8B8}.Release|Any CPU.Build.0 = Release|Any CPU
		{F7AF8A2C-651B-400A-80C1-E321A2534E54}.Debug|Any CPU.ActiveCfg = Debug|Any CPU
		{F7AF8A2C-651B-400A-80C1-E321A2534E54}.Debug|Any CPU.Build.0 = Debug|Any CPU
		{F7AF8A2C-651B-400A-80C1-E321A2534E54}.Release|Any CPU.ActiveCfg = Release|Any CPU
		{F7AF8A2C-651B-400A-80C1-E321A2534E54}.Release|Any CPU.Build.0 = Release|Any CPU
		{9A453339-ADD8-452C-A2B0-F32B12009168}.Debug|Any CPU.ActiveCfg = Debug|Any CPU
		{9A453339-ADD8-452C-A2B0-F32B12009168}.Debug|Any CPU.Build.0 = Debug|Any CPU
		{9A453339-ADD8-452C-A2B0-F32B12009168}.Release|Any CPU.ActiveCfg = Release|Any CPU
		{9A453339-ADD8-452C-A2B0-F32B12009168}.Release|Any CPU.Build.0 = Release|Any CPU
		{C6F7C0BE-6977-48BA-9F87-33652E45DD58}.Debug|Any CPU.ActiveCfg = Debug|Any CPU
		{C6F7C0BE-6977-48BA-9F87-33652E45DD58}.Debug|Any CPU.Build.0 = Debug|Any CPU
		{C6F7C0BE-6977-48BA-9F87-33652E45DD58}.Release|Any CPU.ActiveCfg = Release|Any CPU
		{C6F7C0BE-6977-48BA-9F87-33652E45DD58}.Release|Any CPU.Build.0 = Release|Any CPU
		{1C369A34-8580-424F-A446-7623E9F4FEC3}.Debug|Any CPU.ActiveCfg = Debug|Any CPU
		{1C369A34-8580-424F-A446-7623E9F4FEC3}.Debug|Any CPU.Build.0 = Debug|Any CPU
		{1C369A34-8580-424F-A446-7623E9F4FEC3}.Release|Any CPU.ActiveCfg = Release|Any CPU
		{1C369A34-8580-424F-A446-7623E9F4FEC3}.Release|Any CPU.Build.0 = Release|Any CPU
		{9B53279A-1881-434D-A256-B6FB468B3A18}.Debug|Any CPU.ActiveCfg = Debug|Any CPU
		{9B53279A-1881-434D-A256-B6FB468B3A18}.Debug|Any CPU.Build.0 = Debug|Any CPU
		{9B53279A-1881-434D-A256-B6FB468B3A18}.Release|Any CPU.ActiveCfg = Release|Any CPU
		{9B53279A-1881-434D-A256-B6FB468B3A18}.Release|Any CPU.Build.0 = Release|Any CPU
		{E3044F11-5EEC-4E97-9050-B238283735AD}.Debug|Any CPU.ActiveCfg = Debug|Any CPU
		{E3044F11-5EEC-4E97-9050-B238283735AD}.Debug|Any CPU.Build.0 = Debug|Any CPU
		{E3044F11-5EEC-4E97-9050-B238283735AD}.Release|Any CPU.ActiveCfg = Release|Any CPU
		{E3044F11-5EEC-4E97-9050-B238283735AD}.Release|Any CPU.Build.0 = Release|Any CPU
		{3955AB1D-D7B3-438E-BAF4-2BFFADB29659}.Debug|Any CPU.ActiveCfg = Debug|Any CPU
		{3955AB1D-D7B3-438E-BAF4-2BFFADB29659}.Debug|Any CPU.Build.0 = Debug|Any CPU
		{3955AB1D-D7B3-438E-BAF4-2BFFADB29659}.Release|Any CPU.ActiveCfg = Release|Any CPU
		{3955AB1D-D7B3-438E-BAF4-2BFFADB29659}.Release|Any CPU.Build.0 = Release|Any CPU
		{C524FB60-CF37-47B5-83DF-5352900AF5D5}.Debug|Any CPU.ActiveCfg = Debug|Any CPU
		{C524FB60-CF37-47B5-83DF-5352900AF5D5}.Debug|Any CPU.Build.0 = Debug|Any CPU
		{C524FB60-CF37-47B5-83DF-5352900AF5D5}.Release|Any CPU.ActiveCfg = Release|Any CPU
		{C524FB60-CF37-47B5-83DF-5352900AF5D5}.Release|Any CPU.Build.0 = Release|Any CPU
		{93372805-88C4-49EF-8610-C12BB0EC2243}.Debug|Any CPU.ActiveCfg = Debug|Any CPU
		{93372805-88C4-49EF-8610-C12BB0EC2243}.Debug|Any CPU.Build.0 = Debug|Any CPU
		{93372805-88C4-49EF-8610-C12BB0EC2243}.Release|Any CPU.ActiveCfg = Release|Any CPU
		{93372805-88C4-49EF-8610-C12BB0EC2243}.Release|Any CPU.Build.0 = Release|Any CPU
		{5DDBBB2A-6629-43A6-80E6-747BD1019800}.Debug|Any CPU.ActiveCfg = Debug|Any CPU
		{5DDBBB2A-6629-43A6-80E6-747BD1019800}.Debug|Any CPU.Build.0 = Debug|Any CPU
		{5DDBBB2A-6629-43A6-80E6-747BD1019800}.Release|Any CPU.ActiveCfg = Release|Any CPU
		{5DDBBB2A-6629-43A6-80E6-747BD1019800}.Release|Any CPU.Build.0 = Release|Any CPU
		{A6743D78-BB5E-44E0-A55A-8A4620BE60CD}.Debug|Any CPU.ActiveCfg = Debug|Any CPU
		{A6743D78-BB5E-44E0-A55A-8A4620BE60CD}.Debug|Any CPU.Build.0 = Debug|Any CPU
		{A6743D78-BB5E-44E0-A55A-8A4620BE60CD}.Release|Any CPU.ActiveCfg = Release|Any CPU
		{A6743D78-BB5E-44E0-A55A-8A4620BE60CD}.Release|Any CPU.Build.0 = Release|Any CPU
		{4F66B72D-D6B1-4122-983B-33D8624AD4E9}.Debug|Any CPU.ActiveCfg = Debug|Any CPU
		{4F66B72D-D6B1-4122-983B-33D8624AD4E9}.Debug|Any CPU.Build.0 = Debug|Any CPU
		{4F66B72D-D6B1-4122-983B-33D8624AD4E9}.Release|Any CPU.ActiveCfg = Release|Any CPU
		{4F66B72D-D6B1-4122-983B-33D8624AD4E9}.Release|Any CPU.Build.0 = Release|Any CPU
		{A1C52EBC-CB11-4DE1-BD38-C833FDB2AD13}.Debug|Any CPU.ActiveCfg = Debug|Any CPU
		{A1C52EBC-CB11-4DE1-BD38-C833FDB2AD13}.Debug|Any CPU.Build.0 = Debug|Any CPU
		{A1C52EBC-CB11-4DE1-BD38-C833FDB2AD13}.Release|Any CPU.ActiveCfg = Release|Any CPU
		{A1C52EBC-CB11-4DE1-BD38-C833FDB2AD13}.Release|Any CPU.Build.0 = Release|Any CPU
		{DB7694A3-AD61-4ECC-AB96-4C3B9F870BD5}.Debug|Any CPU.ActiveCfg = Debug|Any CPU
		{DB7694A3-AD61-4ECC-AB96-4C3B9F870BD5}.Debug|Any CPU.Build.0 = Debug|Any CPU
		{DB7694A3-AD61-4ECC-AB96-4C3B9F870BD5}.Release|Any CPU.ActiveCfg = Release|Any CPU
		{DB7694A3-AD61-4ECC-AB96-4C3B9F870BD5}.Release|Any CPU.Build.0 = Release|Any CPU
		{455BAEF8-D79E-4785-84AA-954AA213F38A}.Debug|Any CPU.ActiveCfg = Debug|Any CPU
		{455BAEF8-D79E-4785-84AA-954AA213F38A}.Debug|Any CPU.Build.0 = Debug|Any CPU
		{455BAEF8-D79E-4785-84AA-954AA213F38A}.Release|Any CPU.ActiveCfg = Release|Any CPU
		{455BAEF8-D79E-4785-84AA-954AA213F38A}.Release|Any CPU.Build.0 = Release|Any CPU
		{2A76F77D-F8C8-4B60-8356-74E9ABC9492D}.Debug|Any CPU.ActiveCfg = Debug|Any CPU
		{2A76F77D-F8C8-4B60-8356-74E9ABC9492D}.Debug|Any CPU.Build.0 = Debug|Any CPU
		{2A76F77D-F8C8-4B60-8356-74E9ABC9492D}.Release|Any CPU.ActiveCfg = Release|Any CPU
		{2A76F77D-F8C8-4B60-8356-74E9ABC9492D}.Release|Any CPU.Build.0 = Release|Any CPU
		{4AE33F9F-4DE3-432A-A35E-F83EC5021073}.Debug|Any CPU.ActiveCfg = Debug|Any CPU
		{4AE33F9F-4DE3-432A-A35E-F83EC5021073}.Debug|Any CPU.Build.0 = Debug|Any CPU
		{4AE33F9F-4DE3-432A-A35E-F83EC5021073}.Release|Any CPU.ActiveCfg = Release|Any CPU
		{4AE33F9F-4DE3-432A-A35E-F83EC5021073}.Release|Any CPU.Build.0 = Release|Any CPU
		{36F3B9F5-C894-421F-AAB2-20455380E779}.Debug|Any CPU.ActiveCfg = Debug|Any CPU
		{36F3B9F5-C894-421F-AAB2-20455380E779}.Debug|Any CPU.Build.0 = Debug|Any CPU
		{36F3B9F5-C894-421F-AAB2-20455380E779}.Release|Any CPU.ActiveCfg = Release|Any CPU
		{36F3B9F5-C894-421F-AAB2-20455380E779}.Release|Any CPU.Build.0 = Release|Any CPU
		{5894E851-2C33-473A-B4BE-9514B490D702}.Debug|Any CPU.ActiveCfg = Debug|Any CPU
		{5894E851-2C33-473A-B4BE-9514B490D702}.Debug|Any CPU.Build.0 = Debug|Any CPU
		{5894E851-2C33-473A-B4BE-9514B490D702}.Release|Any CPU.ActiveCfg = Release|Any CPU
		{5894E851-2C33-473A-B4BE-9514B490D702}.Release|Any CPU.Build.0 = Release|Any CPU
		{9A4D9043-482F-4BBE-ACBD-085793B46538}.Debug|Any CPU.ActiveCfg = Debug|Any CPU
		{9A4D9043-482F-4BBE-ACBD-085793B46538}.Debug|Any CPU.Build.0 = Debug|Any CPU
		{9A4D9043-482F-4BBE-ACBD-085793B46538}.Release|Any CPU.ActiveCfg = Release|Any CPU
		{9A4D9043-482F-4BBE-ACBD-085793B46538}.Release|Any CPU.Build.0 = Release|Any CPU
		{8845575F-C125-40BC-950A-BBD6F27D8F86}.Debug|Any CPU.ActiveCfg = Debug|Any CPU
		{8845575F-C125-40BC-950A-BBD6F27D8F86}.Debug|Any CPU.Build.0 = Debug|Any CPU
		{8845575F-C125-40BC-950A-BBD6F27D8F86}.Release|Any CPU.ActiveCfg = Release|Any CPU
		{8845575F-C125-40BC-950A-BBD6F27D8F86}.Release|Any CPU.Build.0 = Release|Any CPU
		{C98D0311-A561-416C-8626-606D149B2C98}.Debug|Any CPU.ActiveCfg = Debug|Any CPU
		{C98D0311-A561-416C-8626-606D149B2C98}.Debug|Any CPU.Build.0 = Debug|Any CPU
		{C98D0311-A561-416C-8626-606D149B2C98}.Release|Any CPU.ActiveCfg = Release|Any CPU
		{C98D0311-A561-416C-8626-606D149B2C98}.Release|Any CPU.Build.0 = Release|Any CPU
		{B46ED9E4-0CAB-4451-BAE6-9EC1F1D3F27F}.Debug|Any CPU.ActiveCfg = Debug|Any CPU
		{B46ED9E4-0CAB-4451-BAE6-9EC1F1D3F27F}.Debug|Any CPU.Build.0 = Debug|Any CPU
		{B46ED9E4-0CAB-4451-BAE6-9EC1F1D3F27F}.Release|Any CPU.ActiveCfg = Release|Any CPU
		{B46ED9E4-0CAB-4451-BAE6-9EC1F1D3F27F}.Release|Any CPU.Build.0 = Release|Any CPU
		{DDC86C66-75D5-4C9A-9A7D-7ACC98A1FAE1}.Debug|Any CPU.ActiveCfg = Debug|Any CPU
		{DDC86C66-75D5-4C9A-9A7D-7ACC98A1FAE1}.Debug|Any CPU.Build.0 = Debug|Any CPU
		{DDC86C66-75D5-4C9A-9A7D-7ACC98A1FAE1}.Release|Any CPU.ActiveCfg = Release|Any CPU
		{DDC86C66-75D5-4C9A-9A7D-7ACC98A1FAE1}.Release|Any CPU.Build.0 = Release|Any CPU
		{E06E5DEA-4F4C-4E27-8B17-2EA437625307}.Debug|Any CPU.ActiveCfg = Debug|Any CPU
		{E06E5DEA-4F4C-4E27-8B17-2EA437625307}.Debug|Any CPU.Build.0 = Debug|Any CPU
		{E06E5DEA-4F4C-4E27-8B17-2EA437625307}.Release|Any CPU.ActiveCfg = Release|Any CPU
		{E06E5DEA-4F4C-4E27-8B17-2EA437625307}.Release|Any CPU.Build.0 = Release|Any CPU
		{44DB20A1-E709-4E16-96F3-AC6E469531A5}.Debug|Any CPU.ActiveCfg = Debug|Any CPU
		{44DB20A1-E709-4E16-96F3-AC6E469531A5}.Debug|Any CPU.Build.0 = Debug|Any CPU
		{44DB20A1-E709-4E16-96F3-AC6E469531A5}.Release|Any CPU.ActiveCfg = Release|Any CPU
		{44DB20A1-E709-4E16-96F3-AC6E469531A5}.Release|Any CPU.Build.0 = Release|Any CPU
		{DF3CF5ED-67BC-4F8E-8808-3214448E9383}.Debug|Any CPU.ActiveCfg = Debug|Any CPU
		{DF3CF5ED-67BC-4F8E-8808-3214448E9383}.Debug|Any CPU.Build.0 = Debug|Any CPU
		{DF3CF5ED-67BC-4F8E-8808-3214448E9383}.Release|Any CPU.ActiveCfg = Release|Any CPU
		{DF3CF5ED-67BC-4F8E-8808-3214448E9383}.Release|Any CPU.Build.0 = Release|Any CPU
		{5B56B95E-A4B8-4854-AF85-B7EBE56DCB39}.Debug|Any CPU.ActiveCfg = Debug|Any CPU
		{5B56B95E-A4B8-4854-AF85-B7EBE56DCB39}.Debug|Any CPU.Build.0 = Debug|Any CPU
		{5B56B95E-A4B8-4854-AF85-B7EBE56DCB39}.Release|Any CPU.ActiveCfg = Release|Any CPU
		{5B56B95E-A4B8-4854-AF85-B7EBE56DCB39}.Release|Any CPU.Build.0 = Release|Any CPU
		{3069B132-1771-4DE4-9343-10068D10F042}.Debug|Any CPU.ActiveCfg = Debug|Any CPU
		{3069B132-1771-4DE4-9343-10068D10F042}.Debug|Any CPU.Build.0 = Debug|Any CPU
		{3069B132-1771-4DE4-9343-10068D10F042}.Release|Any CPU.ActiveCfg = Release|Any CPU
		{3069B132-1771-4DE4-9343-10068D10F042}.Release|Any CPU.Build.0 = Release|Any CPU
		{66D34A0C-3FE3-4D56-90A8-0EE5EF118AC3}.Debug|Any CPU.ActiveCfg = Debug|Any CPU
		{66D34A0C-3FE3-4D56-90A8-0EE5EF118AC3}.Debug|Any CPU.Build.0 = Debug|Any CPU
		{66D34A0C-3FE3-4D56-90A8-0EE5EF118AC3}.Release|Any CPU.ActiveCfg = Release|Any CPU
		{66D34A0C-3FE3-4D56-90A8-0EE5EF118AC3}.Release|Any CPU.Build.0 = Release|Any CPU
		{1E2FD09A-6C12-439A-A6E0-E4F0FE24AE42}.Debug|Any CPU.ActiveCfg = Debug|Any CPU
		{1E2FD09A-6C12-439A-A6E0-E4F0FE24AE42}.Debug|Any CPU.Build.0 = Debug|Any CPU
		{1E2FD09A-6C12-439A-A6E0-E4F0FE24AE42}.Release|Any CPU.ActiveCfg = Release|Any CPU
		{1E2FD09A-6C12-439A-A6E0-E4F0FE24AE42}.Release|Any CPU.Build.0 = Release|Any CPU
		{BE16E4BE-73A5-4D8C-819C-C04173FD1C07}.Debug|Any CPU.ActiveCfg = Debug|Any CPU
		{BE16E4BE-73A5-4D8C-819C-C04173FD1C07}.Debug|Any CPU.Build.0 = Debug|Any CPU
		{BE16E4BE-73A5-4D8C-819C-C04173FD1C07}.Release|Any CPU.ActiveCfg = Release|Any CPU
		{BE16E4BE-73A5-4D8C-819C-C04173FD1C07}.Release|Any CPU.Build.0 = Release|Any CPU
		{34E14A6D-ABC3-43FF-8143-FB130E92D936}.Debug|Any CPU.ActiveCfg = Debug|Any CPU
		{34E14A6D-ABC3-43FF-8143-FB130E92D936}.Debug|Any CPU.Build.0 = Debug|Any CPU
		{34E14A6D-ABC3-43FF-8143-FB130E92D936}.Release|Any CPU.ActiveCfg = Release|Any CPU
		{34E14A6D-ABC3-43FF-8143-FB130E92D936}.Release|Any CPU.Build.0 = Release|Any CPU
		{A5B356C4-7171-4E88-9240-ACF5138F9D51}.Debug|Any CPU.ActiveCfg = Debug|Any CPU
		{A5B356C4-7171-4E88-9240-ACF5138F9D51}.Debug|Any CPU.Build.0 = Debug|Any CPU
		{A5B356C4-7171-4E88-9240-ACF5138F9D51}.Release|Any CPU.ActiveCfg = Release|Any CPU
		{A5B356C4-7171-4E88-9240-ACF5138F9D51}.Release|Any CPU.Build.0 = Release|Any CPU
		{DA21E9F9-1009-4DEC-A91F-7CD210956D63}.Debug|Any CPU.ActiveCfg = Debug|Any CPU
		{DA21E9F9-1009-4DEC-A91F-7CD210956D63}.Debug|Any CPU.Build.0 = Debug|Any CPU
		{DA21E9F9-1009-4DEC-A91F-7CD210956D63}.Release|Any CPU.ActiveCfg = Release|Any CPU
		{DA21E9F9-1009-4DEC-A91F-7CD210956D63}.Release|Any CPU.Build.0 = Release|Any CPU
		{AF4C7339-E85E-457E-BB9C-C9D98FEC5217}.Debug|Any CPU.ActiveCfg = Debug|Any CPU
		{AF4C7339-E85E-457E-BB9C-C9D98FEC5217}.Debug|Any CPU.Build.0 = Debug|Any CPU
		{AF4C7339-E85E-457E-BB9C-C9D98FEC5217}.Release|Any CPU.ActiveCfg = Release|Any CPU
		{AF4C7339-E85E-457E-BB9C-C9D98FEC5217}.Release|Any CPU.Build.0 = Release|Any CPU
		{F81C3272-3809-46F3-8954-8E5B5F603699}.Debug|Any CPU.ActiveCfg = Debug|Any CPU
		{F81C3272-3809-46F3-8954-8E5B5F603699}.Debug|Any CPU.Build.0 = Debug|Any CPU
		{F81C3272-3809-46F3-8954-8E5B5F603699}.Release|Any CPU.ActiveCfg = Release|Any CPU
		{F81C3272-3809-46F3-8954-8E5B5F603699}.Release|Any CPU.Build.0 = Release|Any CPU
		{71ACA9BE-5460-401A-8768-33FA25046A46}.Debug|Any CPU.ActiveCfg = Debug|Any CPU
		{71ACA9BE-5460-401A-8768-33FA25046A46}.Debug|Any CPU.Build.0 = Debug|Any CPU
		{71ACA9BE-5460-401A-8768-33FA25046A46}.Release|Any CPU.ActiveCfg = Release|Any CPU
		{71ACA9BE-5460-401A-8768-33FA25046A46}.Release|Any CPU.Build.0 = Release|Any CPU
		{FE1214EA-21BD-4087-AD01-D42DBA8572FE}.Debug|Any CPU.ActiveCfg = Debug|Any CPU
		{FE1214EA-21BD-4087-AD01-D42DBA8572FE}.Debug|Any CPU.Build.0 = Debug|Any CPU
		{FE1214EA-21BD-4087-AD01-D42DBA8572FE}.Release|Any CPU.ActiveCfg = Release|Any CPU
		{FE1214EA-21BD-4087-AD01-D42DBA8572FE}.Release|Any CPU.Build.0 = Release|Any CPU
		{BFB0F414-2C9C-4CCE-94F8-0E62A52E7B7C}.Debug|Any CPU.ActiveCfg = Debug|Any CPU
		{BFB0F414-2C9C-4CCE-94F8-0E62A52E7B7C}.Debug|Any CPU.Build.0 = Debug|Any CPU
		{BFB0F414-2C9C-4CCE-94F8-0E62A52E7B7C}.Release|Any CPU.ActiveCfg = Release|Any CPU
		{BFB0F414-2C9C-4CCE-94F8-0E62A52E7B7C}.Release|Any CPU.Build.0 = Release|Any CPU
		{90666EBB-0650-4511-9538-1B60DCB9A685}.Debug|Any CPU.ActiveCfg = Debug|Any CPU
		{90666EBB-0650-4511-9538-1B60DCB9A685}.Debug|Any CPU.Build.0 = Debug|Any CPU
		{90666EBB-0650-4511-9538-1B60DCB9A685}.Release|Any CPU.ActiveCfg = Release|Any CPU
		{90666EBB-0650-4511-9538-1B60DCB9A685}.Release|Any CPU.Build.0 = Release|Any CPU
		{23EA4B82-5D73-4586-B480-5F61FDE1CFA7}.Debug|Any CPU.ActiveCfg = Debug|Any CPU
		{23EA4B82-5D73-4586-B480-5F61FDE1CFA7}.Debug|Any CPU.Build.0 = Debug|Any CPU
		{23EA4B82-5D73-4586-B480-5F61FDE1CFA7}.Release|Any CPU.ActiveCfg = Release|Any CPU
		{23EA4B82-5D73-4586-B480-5F61FDE1CFA7}.Release|Any CPU.Build.0 = Release|Any CPU
		{8E947243-7E4E-451D-8C60-86E15229B566}.Debug|Any CPU.ActiveCfg = Debug|Any CPU
		{8E947243-7E4E-451D-8C60-86E15229B566}.Debug|Any CPU.Build.0 = Debug|Any CPU
		{8E947243-7E4E-451D-8C60-86E15229B566}.Release|Any CPU.ActiveCfg = Release|Any CPU
		{8E947243-7E4E-451D-8C60-86E15229B566}.Release|Any CPU.Build.0 = Release|Any CPU
		{7A78E468-58BE-4BD1-91DA-6467F51F0E8D}.Debug|Any CPU.ActiveCfg = Debug|Any CPU
		{7A78E468-58BE-4BD1-91DA-6467F51F0E8D}.Debug|Any CPU.Build.0 = Debug|Any CPU
		{7A78E468-58BE-4BD1-91DA-6467F51F0E8D}.Release|Any CPU.ActiveCfg = Release|Any CPU
		{7A78E468-58BE-4BD1-91DA-6467F51F0E8D}.Release|Any CPU.Build.0 = Release|Any CPU
		{FFAB6548-95AE-40CA-8DAD-50F8DB32D8C4}.Debug|Any CPU.ActiveCfg = Debug|Any CPU
		{FFAB6548-95AE-40CA-8DAD-50F8DB32D8C4}.Debug|Any CPU.Build.0 = Debug|Any CPU
		{FFAB6548-95AE-40CA-8DAD-50F8DB32D8C4}.Release|Any CPU.ActiveCfg = Release|Any CPU
		{FFAB6548-95AE-40CA-8DAD-50F8DB32D8C4}.Release|Any CPU.Build.0 = Release|Any CPU
		{57D499B1-BB31-4FD7-BFDD-EA21FF56745E}.Debug|Any CPU.ActiveCfg = Debug|Any CPU
		{57D499B1-BB31-4FD7-BFDD-EA21FF56745E}.Debug|Any CPU.Build.0 = Debug|Any CPU
		{57D499B1-BB31-4FD7-BFDD-EA21FF56745E}.Release|Any CPU.ActiveCfg = Release|Any CPU
		{57D499B1-BB31-4FD7-BFDD-EA21FF56745E}.Release|Any CPU.Build.0 = Release|Any CPU
		{0207DDAF-F78D-4F58-9678-D5A5897B6FF9}.Debug|Any CPU.ActiveCfg = Debug|Any CPU
		{0207DDAF-F78D-4F58-9678-D5A5897B6FF9}.Debug|Any CPU.Build.0 = Debug|Any CPU
		{0207DDAF-F78D-4F58-9678-D5A5897B6FF9}.Release|Any CPU.ActiveCfg = Release|Any CPU
		{0207DDAF-F78D-4F58-9678-D5A5897B6FF9}.Release|Any CPU.Build.0 = Release|Any CPU
		{38308E36-F074-49F7-8AF7-F289F3CC6DBC}.Debug|Any CPU.ActiveCfg = Debug|Any CPU
		{38308E36-F074-49F7-8AF7-F289F3CC6DBC}.Debug|Any CPU.Build.0 = Debug|Any CPU
		{38308E36-F074-49F7-8AF7-F289F3CC6DBC}.Release|Any CPU.ActiveCfg = Release|Any CPU
		{38308E36-F074-49F7-8AF7-F289F3CC6DBC}.Release|Any CPU.Build.0 = Release|Any CPU
		{204E538E-7A31-498A-97F9-40EE425A8D0C}.Debug|Any CPU.ActiveCfg = Debug|Any CPU
		{204E538E-7A31-498A-97F9-40EE425A8D0C}.Debug|Any CPU.Build.0 = Debug|Any CPU
		{204E538E-7A31-498A-97F9-40EE425A8D0C}.Release|Any CPU.ActiveCfg = Release|Any CPU
		{204E538E-7A31-498A-97F9-40EE425A8D0C}.Release|Any CPU.Build.0 = Release|Any CPU
		{BB91EA6B-DAB2-4A09-BA07-573B596C1D73}.Debug|Any CPU.ActiveCfg = Debug|Any CPU
		{BB91EA6B-DAB2-4A09-BA07-573B596C1D73}.Debug|Any CPU.Build.0 = Debug|Any CPU
		{BB91EA6B-DAB2-4A09-BA07-573B596C1D73}.Release|Any CPU.ActiveCfg = Release|Any CPU
		{BB91EA6B-DAB2-4A09-BA07-573B596C1D73}.Release|Any CPU.Build.0 = Release|Any CPU
		{7B17E646-2738-4201-8B84-FD33B6AFB338}.Debug|Any CPU.ActiveCfg = Debug|Any CPU
		{7B17E646-2738-4201-8B84-FD33B6AFB338}.Debug|Any CPU.Build.0 = Debug|Any CPU
		{7B17E646-2738-4201-8B84-FD33B6AFB338}.Release|Any CPU.ActiveCfg = Release|Any CPU
		{7B17E646-2738-4201-8B84-FD33B6AFB338}.Release|Any CPU.Build.0 = Release|Any CPU
	EndGlobalSection
	GlobalSection(SolutionProperties) = preSolution
		HideSolutionNode = FALSE
	EndGlobalSection
	GlobalSection(NestedProjects) = preSolution
		{BB2E0585-68EF-44B1-9CBB-F23A99292018} = {4FCA2F8C-0299-455F-973F-84970BD71193}
		{B1B4AF0D-BE0C-4D4A-B659-3D7780220978} = {BB2E0585-68EF-44B1-9CBB-F23A99292018}
		{109DEA83-38C3-4931-AFDE-AE81BAA44A04} = {BB2E0585-68EF-44B1-9CBB-F23A99292018}
		{70FBCFD9-B96E-4E72-B35C-681D9B2DA3D6} = {0B821858-8E47-4485-AC06-D2E971A53EB2}
		{4A23050C-3DC0-4FB8-B305-DE4F9C2F3106} = {70FBCFD9-B96E-4E72-B35C-681D9B2DA3D6}
		{B3B2E259-4CED-4825-AEBC-46A98E464149} = {4A23050C-3DC0-4FB8-B305-DE4F9C2F3106}
		{4D17658E-3181-4FF1-B7AC-3BEF03DEB8B8} = {B3B2E259-4CED-4825-AEBC-46A98E464149}
		{FB42A079-D737-44AD-AB05-0F99BEC495E6} = {4A23050C-3DC0-4FB8-B305-DE4F9C2F3106}
		{F7AF8A2C-651B-400A-80C1-E321A2534E54} = {FB42A079-D737-44AD-AB05-0F99BEC495E6}
		{1FF4DCCD-9042-430F-9764-2C358EEE8F77} = {0B821858-8E47-4485-AC06-D2E971A53EB2}
		{9A453339-ADD8-452C-A2B0-F32B12009168} = {1FF4DCCD-9042-430F-9764-2C358EEE8F77}
		{0A9489D2-54F3-4797-9E2F-A56D08227A0C} = {0B821858-8E47-4485-AC06-D2E971A53EB2}
		{C6F7C0BE-6977-48BA-9F87-33652E45DD58} = {0A9489D2-54F3-4797-9E2F-A56D08227A0C}
		{76773F45-3006-45F1-85CE-0FE44840376C} = {0B821858-8E47-4485-AC06-D2E971A53EB2}
		{970F49CB-7852-41E4-B673-3222F0000C4C} = {0B821858-8E47-4485-AC06-D2E971A53EB2}
		{94CB40F4-9B09-4A3C-90C1-78035B95733F} = {0B821858-8E47-4485-AC06-D2E971A53EB2}
		{1C369A34-8580-424F-A446-7623E9F4FEC3} = {94CB40F4-9B09-4A3C-90C1-78035B95733F}
		{9B53279A-1881-434D-A256-B6FB468B3A18} = {970F49CB-7852-41E4-B673-3222F0000C4C}
		{E3044F11-5EEC-4E97-9050-B238283735AD} = {76773F45-3006-45F1-85CE-0FE44840376C}
		{1E3A071E-418D-46C8-9064-CC625EC2408D} = {0B821858-8E47-4485-AC06-D2E971A53EB2}
		{A6513130-FB03-4D31-97F6-EB1876310786} = {1E3A071E-418D-46C8-9064-CC625EC2408D}
		{3955AB1D-D7B3-438E-BAF4-2BFFADB29659} = {A6513130-FB03-4D31-97F6-EB1876310786}
		{06A829AF-9408-4ACC-9A1E-F23B7F719BD5} = {70FBCFD9-B96E-4E72-B35C-681D9B2DA3D6}
		{C524FB60-CF37-47B5-83DF-5352900AF5D5} = {06A829AF-9408-4ACC-9A1E-F23B7F719BD5}
		{1FDC6E71-0E96-472A-B3F9-ECF807F2B338} = {4A23050C-3DC0-4FB8-B305-DE4F9C2F3106}
		{93372805-88C4-49EF-8610-C12BB0EC2243} = {1FDC6E71-0E96-472A-B3F9-ECF807F2B338}
		{F503A819-B11F-4FAC-B183-9D52534CAF00} = {4A23050C-3DC0-4FB8-B305-DE4F9C2F3106}
		{A7064DCF-4531-432C-AF80-3D7CD546C530} = {4A23050C-3DC0-4FB8-B305-DE4F9C2F3106}
		{666D9BFB-95F2-41F1-A51E-38C9AE363EB4} = {4A23050C-3DC0-4FB8-B305-DE4F9C2F3106}
		{5DDBBB2A-6629-43A6-80E6-747BD1019800} = {666D9BFB-95F2-41F1-A51E-38C9AE363EB4}
		{A6743D78-BB5E-44E0-A55A-8A4620BE60CD} = {A7064DCF-4531-432C-AF80-3D7CD546C530}
		{4F66B72D-D6B1-4122-983B-33D8624AD4E9} = {F503A819-B11F-4FAC-B183-9D52534CAF00}
		{F66C082A-69AD-41A4-BF75-751C69055AF9} = {4A23050C-3DC0-4FB8-B305-DE4F9C2F3106}
		{A1C52EBC-CB11-4DE1-BD38-C833FDB2AD13} = {F66C082A-69AD-41A4-BF75-751C69055AF9}
		{9E23849B-19DA-4968-8E5B-37EDA0EDD520} = {4A23050C-3DC0-4FB8-B305-DE4F9C2F3106}
		{21D5410C-3D6F-4A8C-940E-0128912FF166} = {4A23050C-3DC0-4FB8-B305-DE4F9C2F3106}
		{DB7694A3-AD61-4ECC-AB96-4C3B9F870BD5} = {21D5410C-3D6F-4A8C-940E-0128912FF166}
		{455BAEF8-D79E-4785-84AA-954AA213F38A} = {9E23849B-19DA-4968-8E5B-37EDA0EDD520}
		{EB4C90BE-C69F-4B3E-B188-5B266B7EBB7D} = {EFB05081-EC44-49D3-B6D1-52AE42085B5B}
		{94EB567F-485C-4C0A-BEBC-9AAB1911C568} = {EFB05081-EC44-49D3-B6D1-52AE42085B5B}
		{7E31C739-2787-44ED-8304-7EFCEE1A2B2C} = {EFB05081-EC44-49D3-B6D1-52AE42085B5B}
		{2BB35CA0-985E-48D6-B849-A083C15F7F5D} = {7E31C739-2787-44ED-8304-7EFCEE1A2B2C}
		{84117513-C0D0-4BC1-A219-6EADAB77A233} = {7E31C739-2787-44ED-8304-7EFCEE1A2B2C}
		{C08355D7-BED4-4CC2-B579-3EDC9E1125A1} = {84117513-C0D0-4BC1-A219-6EADAB77A233}
		{30EE918C-1936-40B7-9C91-FA02E8FC443E} = {84117513-C0D0-4BC1-A219-6EADAB77A233}
		{28A3BA91-1857-4FCE-B270-50FC0196C78E} = {84117513-C0D0-4BC1-A219-6EADAB77A233}
		{404375E2-C578-4AC1-BD95-A3DF6AEE47F5} = {84117513-C0D0-4BC1-A219-6EADAB77A233}
		{25B6AE02-EEFE-4771-B047-60F06F86E8D4} = {84117513-C0D0-4BC1-A219-6EADAB77A233}
		{07D6246A-15FF-4A7E-A92D-C9A04900035F} = {84117513-C0D0-4BC1-A219-6EADAB77A233}
		{3A5E325D-D7F5-46E6-B708-DEB943681D66} = {84117513-C0D0-4BC1-A219-6EADAB77A233}
		{4D41F091-7191-4740-B40B-748DB81BA858} = {84117513-C0D0-4BC1-A219-6EADAB77A233}
		{34181984-674E-4379-8E3B-75DDD1206D3B} = {84117513-C0D0-4BC1-A219-6EADAB77A233}
		{041652D1-304F-4FB9-881A-F0A370D5472B} = {EFB05081-EC44-49D3-B6D1-52AE42085B5B}
		{218BEC41-6EFF-4E48-A435-549F4C1068FA} = {041652D1-304F-4FB9-881A-F0A370D5472B}
		{2D668B6C-BCB7-4A5E-858C-8AEA408C631C} = {EFB05081-EC44-49D3-B6D1-52AE42085B5B}
		{3C762C2E-F560-4A51-922D-14B94120B2A1} = {EFB05081-EC44-49D3-B6D1-52AE42085B5B}
		{07436576-8F5B-4B59-9EE9-B47ED375FF4D} = {EFB05081-EC44-49D3-B6D1-52AE42085B5B}
		{2A76F77D-F8C8-4B60-8356-74E9ABC9492D} = {EB4C90BE-C69F-4B3E-B188-5B266B7EBB7D}
		{4AE33F9F-4DE3-432A-A35E-F83EC5021073} = {94EB567F-485C-4C0A-BEBC-9AAB1911C568}
		{36F3B9F5-C894-421F-AAB2-20455380E779} = {2BB35CA0-985E-48D6-B849-A083C15F7F5D}
		{5894E851-2C33-473A-B4BE-9514B490D702} = {C08355D7-BED4-4CC2-B579-3EDC9E1125A1}
		{9A4D9043-482F-4BBE-ACBD-085793B46538} = {30EE918C-1936-40B7-9C91-FA02E8FC443E}
		{8845575F-C125-40BC-950A-BBD6F27D8F86} = {28A3BA91-1857-4FCE-B270-50FC0196C78E}
		{C98D0311-A561-416C-8626-606D149B2C98} = {404375E2-C578-4AC1-BD95-A3DF6AEE47F5}
		{B46ED9E4-0CAB-4451-BAE6-9EC1F1D3F27F} = {25B6AE02-EEFE-4771-B047-60F06F86E8D4}
		{DDC86C66-75D5-4C9A-9A7D-7ACC98A1FAE1} = {07D6246A-15FF-4A7E-A92D-C9A04900035F}
		{E06E5DEA-4F4C-4E27-8B17-2EA437625307} = {3A5E325D-D7F5-46E6-B708-DEB943681D66}
		{44DB20A1-E709-4E16-96F3-AC6E469531A5} = {4D41F091-7191-4740-B40B-748DB81BA858}
		{DF3CF5ED-67BC-4F8E-8808-3214448E9383} = {34181984-674E-4379-8E3B-75DDD1206D3B}
		{5B56B95E-A4B8-4854-AF85-B7EBE56DCB39} = {218BEC41-6EFF-4E48-A435-549F4C1068FA}
		{3069B132-1771-4DE4-9343-10068D10F042} = {2D668B6C-BCB7-4A5E-858C-8AEA408C631C}
		{66D34A0C-3FE3-4D56-90A8-0EE5EF118AC3} = {3C762C2E-F560-4A51-922D-14B94120B2A1}
		{1E2FD09A-6C12-439A-A6E0-E4F0FE24AE42} = {07436576-8F5B-4B59-9EE9-B47ED375FF4D}
		{7B19B615-C2DD-49DA-BFE8-BD8B9CD62C64} = {4A23050C-3DC0-4FB8-B305-DE4F9C2F3106}
		{13022171-DE00-41F1-80B4-BDA371ED6A62} = {84117513-C0D0-4BC1-A219-6EADAB77A233}
		{BE16E4BE-73A5-4D8C-819C-C04173FD1C07} = {7B19B615-C2DD-49DA-BFE8-BD8B9CD62C64}
		{34E14A6D-ABC3-43FF-8143-FB130E92D936} = {13022171-DE00-41F1-80B4-BDA371ED6A62}
		{D7FDC089-3AB5-4A13-8495-60CA01CBA609} = {EFB05081-EC44-49D3-B6D1-52AE42085B5B}
		{F5CB0E20-20DD-4AFF-AD7A-9FDA63567EC0} = {0B821858-8E47-4485-AC06-D2E971A53EB2}
		{A5B356C4-7171-4E88-9240-ACF5138F9D51} = {F5CB0E20-20DD-4AFF-AD7A-9FDA63567EC0}
		{AD32DE3D-FBCD-4B12-A225-5CE00B09D432} = {EFB05081-EC44-49D3-B6D1-52AE42085B5B}
		{DA21E9F9-1009-4DEC-A91F-7CD210956D63} = {AD32DE3D-FBCD-4B12-A225-5CE00B09D432}
		{D067E62D-D325-44E9-A3D8-4FEDB2A76E3A} = {0B821858-8E47-4485-AC06-D2E971A53EB2}
		{AF4C7339-E85E-457E-BB9C-C9D98FEC5217} = {D067E62D-D325-44E9-A3D8-4FEDB2A76E3A}
		{F81C3272-3809-46F3-8954-8E5B5F603699} = {D7FDC089-3AB5-4A13-8495-60CA01CBA609}
		{63D2AF3C-3ACA-4FEA-94F9-58A30B5D175A} = {70FBCFD9-B96E-4E72-B35C-681D9B2DA3D6}
		{71ACA9BE-5460-401A-8768-33FA25046A46} = {63D2AF3C-3ACA-4FEA-94F9-58A30B5D175A}
		{32D5D5C6-C467-4200-A978-4DCEBAD16ABF} = {7E31C739-2787-44ED-8304-7EFCEE1A2B2C}
		{FE1214EA-21BD-4087-AD01-D42DBA8572FE} = {32D5D5C6-C467-4200-A978-4DCEBAD16ABF}
		{702ACB0F-E063-4B6C-931D-18E282E46498} = {1E3A071E-418D-46C8-9064-CC625EC2408D}
		{BFB0F414-2C9C-4CCE-94F8-0E62A52E7B7C} = {702ACB0F-E063-4B6C-931D-18E282E46498}
		{DD60CE99-7659-40F3-B3E1-12F842E7CD7F} = {041652D1-304F-4FB9-881A-F0A370D5472B}
		{90666EBB-0650-4511-9538-1B60DCB9A685} = {DD60CE99-7659-40F3-B3E1-12F842E7CD7F}
		{1CE21089-474A-40CB-AD1B-4E231418814A} = {70FBCFD9-B96E-4E72-B35C-681D9B2DA3D6}
		{23EA4B82-5D73-4586-B480-5F61FDE1CFA7} = {1CE21089-474A-40CB-AD1B-4E231418814A}
		{AB49774C-4FC6-4726-9677-42C2F4080FEE} = {7E31C739-2787-44ED-8304-7EFCEE1A2B2C}
		{8E947243-7E4E-451D-8C60-86E15229B566} = {AB49774C-4FC6-4726-9677-42C2F4080FEE}
		{E1D62E5A-2278-4DF4-B43C-8A4CDC360C2F} = {4A23050C-3DC0-4FB8-B305-DE4F9C2F3106}
		{FFBCF605-A7A3-4B1B-8C27-69DF0395251C} = {4A23050C-3DC0-4FB8-B305-DE4F9C2F3106}
		{7A78E468-58BE-4BD1-91DA-6467F51F0E8D} = {FFBCF605-A7A3-4B1B-8C27-69DF0395251C}
		{20D95CDE-AA85-4E4C-BC25-9A9472F20099} = {84117513-C0D0-4BC1-A219-6EADAB77A233}
		{F54A54F7-DC05-4D3A-81A3-F42492E52CF3} = {84117513-C0D0-4BC1-A219-6EADAB77A233}
		{FFAB6548-95AE-40CA-8DAD-50F8DB32D8C4} = {F54A54F7-DC05-4D3A-81A3-F42492E52CF3}
		{9B5D83FF-CB7B-4D5F-9181-028736A67BAB} = {84117513-C0D0-4BC1-A219-6EADAB77A233}
		{28F20C6C-A6E3-433F-9108-693FE8B9ACB2} = {4A23050C-3DC0-4FB8-B305-DE4F9C2F3106}
		{57D499B1-BB31-4FD7-BFDD-EA21FF56745E} = {9B5D83FF-CB7B-4D5F-9181-028736A67BAB}
		{0207DDAF-F78D-4F58-9678-D5A5897B6FF9} = {28F20C6C-A6E3-433F-9108-693FE8B9ACB2}
		{38308E36-F074-49F7-8AF7-F289F3CC6DBC} = {E1D62E5A-2278-4DF4-B43C-8A4CDC360C2F}
		{204E538E-7A31-498A-97F9-40EE425A8D0C} = {20D95CDE-AA85-4E4C-BC25-9A9472F20099}
		{B281F830-5F79-4E09-9442-60CC8E1ABD62} = {4A23050C-3DC0-4FB8-B305-DE4F9C2F3106}
		{BB91EA6B-DAB2-4A09-BA07-573B596C1D73} = {B281F830-5F79-4E09-9442-60CC8E1ABD62}
		{979DEFA3-0D0F-4CB8-B44F-B8A3D8D81529} = {84117513-C0D0-4BC1-A219-6EADAB77A233}
		{7B17E646-2738-4201-8B84-FD33B6AFB338} = {979DEFA3-0D0F-4CB8-B44F-B8A3D8D81529}
	EndGlobalSection
	GlobalSection(ExtensibilityGlobals) = postSolution
		SolutionGuid = {2FE36DF8-2D9C-4F20-8787-45DC74B57461}
	EndGlobalSection
EndGlobal
