Microsoft Visual Studio Solution File, Format Version 12.00
# Visual Studio 15
VisualStudioVersion = 15.0.26606.0
MinimumVisualStudioVersion = 10.0.40219.1
Project("{2150E333-8FDC-42A3-9474-1A3956D46DE8}") = "Solution Items", "Solution Items", "{2F337CB6-0B9E-4765-A277-487E429DE9F1}"
	ProjectSection(SolutionItems) = preProject
		.editorconfig = .editorconfig
		.gitattributes = .gitattributes
		.gitignore = .gitignore
		License.md = License.md
		NuGet.config = NuGet.config
		ReadMe.md = ReadMe.md
	EndProjectSection
EndProject
Project("{2150E333-8FDC-42A3-9474-1A3956D46DE8}") = "Imports", "Imports", "{4FCA2F8C-0299-455F-973F-84970BD71193}"
	ProjectSection(SolutionItems) = preProject
		Imports\TerraFX.Common.props = Imports\TerraFX.Common.props
		Imports\TerraFX.Common.targets = Imports\TerraFX.Common.targets
		Imports\TerraFX.GenerateInternalsVisibleTo.targets = Imports\TerraFX.GenerateInternalsVisibleTo.targets
		Imports\TerraFX.UnitTests.props = Imports\TerraFX.UnitTests.props
		Imports\TerraFX.UnitTests.targets = Imports\TerraFX.UnitTests.targets
	EndProjectSection
EndProject
Project("{2150E333-8FDC-42A3-9474-1A3956D46DE8}") = "Shared", "Shared", "{BB2E0585-68EF-44B1-9CBB-F23A99292018}"
EndProject
Project("{2150E333-8FDC-42A3-9474-1A3956D46DE8}") = "Common", "Common", "{B1B4AF0D-BE0C-4D4A-B659-3D7780220978}"
	ProjectSection(SolutionItems) = preProject
		Imports\Shared\Common\TerraFX.snk = Imports\Shared\Common\TerraFX.snk
	EndProjectSection
EndProject
Project("{2150E333-8FDC-42A3-9474-1A3956D46DE8}") = "UnitTests", "UnitTests", "{109DEA83-38C3-4931-AFDE-AE81BAA44A04}"
	ProjectSection(SolutionItems) = preProject
		Imports\Shared\UnitTests\Program.cs = Imports\Shared\UnitTests\Program.cs
	EndProjectSection
EndProject
Project("{2150E333-8FDC-42A3-9474-1A3956D46DE8}") = "Sources", "Sources", "{0B821858-8E47-4485-AC06-D2E971A53EB2}"
EndProject
Project("{9A19103F-16F7-4668-BE54-9A1E7A4F7556}") = "TerraFX", "Sources\TerraFX\TerraFX.csproj", "{4CCA69DD-034D-4CD1-80FA-1D3006AA8A71}"
EndProject
Project("{9A19103F-16F7-4668-BE54-9A1E7A4F7556}") = "TerraFX.Graphics", "Sources\TerraFX.Graphics\TerraFX.Graphics.csproj", "{D84A8664-A419-4CCC-9E8C-88739090F7EC}"
EndProject
Project("{2150E333-8FDC-42A3-9474-1A3956D46DE8}") = "Tests", "Tests", "{EFB05081-EC44-49D3-B6D1-52AE42085B5B}"
EndProject
Project("{9A19103F-16F7-4668-BE54-9A1E7A4F7556}") = "TerraFX.Graphics.UnitTests", "Tests\TerraFX.Graphics.UnitTests\TerraFX.Graphics.UnitTests.csproj", "{4F62C43A-2262-4DAF-85E2-F7EDD8560330}"
EndProject
Project("{9A19103F-16F7-4668-BE54-9A1E7A4F7556}") = "TerraFX.UnitTests", "Tests\TerraFX.UnitTests\TerraFX.UnitTests.csproj", "{61FCEE25-6A00-409E-A1D2-448357CC91A3}"
EndProject
Project("{9A19103F-16F7-4668-BE54-9A1E7A4F7556}") = "TerraFX.Interop.DXGI", "Sources\TerraFX.Interop.DXGI\TerraFX.Interop.DXGI.csproj", "{A3933D84-01F6-42DF-B925-BE38C6316DF0}"
EndProject
Project("{9A19103F-16F7-4668-BE54-9A1E7A4F7556}") = "TerraFX.Interop.DXGI.UnitTests", "Tests\TerraFX.Interop.DXGI.UnitTests\TerraFX.Interop.DXGI.UnitTests.csproj", "{F616E070-71F8-49CA-ACCD-CB8EA5F6C500}"
EndProject
Project("{9A19103F-16F7-4668-BE54-9A1E7A4F7556}") = "TerraFX.Interop.Unknown", "Sources\TerraFX.Interop.Unknown\TerraFX.Interop.Unknown.csproj", "{28A8727D-771F-4089-BFD9-FD32D71B8B66}"
EndProject
Project("{9A19103F-16F7-4668-BE54-9A1E7A4F7556}") = "TerraFX.Interop.Unknown.UnitTests", "Tests\TerraFX.Interop.Unknown.UnitTests\TerraFX.Interop.Unknown.UnitTests.csproj", "{B0002319-DB5A-4E0D-86BA-DC9F5DEE1D81}"
EndProject
Project("{9A19103F-16F7-4668-BE54-9A1E7A4F7556}") = "TerraFX.Resources", "Sources\TerraFX.Resources\TerraFX.Resources.csproj", "{EEFAC071-3C30-48F5-B1E6-50ABBAECB4D2}"
EndProject
Project("{9A19103F-16F7-4668-BE54-9A1E7A4F7556}") = "TerraFX.Utilities", "Sources\TerraFX.Utilities\TerraFX.Utilities.csproj", "{921F2C01-9B6B-4012-ABA7-9FCA079EC442}"
EndProject
Project("{9A19103F-16F7-4668-BE54-9A1E7A4F7556}") = "TerraFX.Resources.UnitTests", "Tests\TerraFX.Resources.UnitTests\TerraFX.Resources.UnitTests.csproj", "{D192211D-6E1A-4E5D-9351-672D0966D01A}"
EndProject
Project("{9A19103F-16F7-4668-BE54-9A1E7A4F7556}") = "TerraFX.Utilities.UnitTests", "Tests\TerraFX.Utilities.UnitTests\TerraFX.Utilities.UnitTests.csproj", "{958A84C6-776A-49BC-AC84-4C45197DC400}"
EndProject
Project("{9A19103F-16F7-4668-BE54-9A1E7A4F7556}") = "TerraFX.Interop.D3D", "Sources\TerraFX.Interop.D3D\TerraFX.Interop.D3D.csproj", "{BA0BDD21-1429-47D4-877D-C20D6DE55BCF}"
EndProject
Project("{9A19103F-16F7-4668-BE54-9A1E7A4F7556}") = "TerraFX.Interop.D3D.UnitTests", "Tests\TerraFX.Interop.D3D.UnitTests\TerraFX.Interop.D3D.UnitTests.csproj", "{D945D78B-888B-4EFA-B190-994E1D6B7258}"
EndProject
Project("{9A19103F-16F7-4668-BE54-9A1E7A4F7556}") = "TerraFX.Interop.D3D12", "Sources\TerraFX.Interop.D3D12\TerraFX.Interop.D3D12.csproj", "{E815C024-D7C0-4F0A-911B-1233D1991FFC}"
EndProject
Project("{9A19103F-16F7-4668-BE54-9A1E7A4F7556}") = "TerraFX.Interop.D3D12.UnitTests", "Tests\TerraFX.Interop.D3D12.UnitTests\TerraFX.Interop.D3D12.UnitTests.csproj", "{15F5FA88-4EA5-4556-820F-C29F0F873532}"
EndProject
Global
	GlobalSection(SolutionConfigurationPlatforms) = preSolution
		Debug|Any CPU = Debug|Any CPU
		Release|Any CPU = Release|Any CPU
	EndGlobalSection
	GlobalSection(ProjectConfigurationPlatforms) = postSolution
		{4CCA69DD-034D-4CD1-80FA-1D3006AA8A71}.Debug|Any CPU.ActiveCfg = Debug|Any CPU
		{4CCA69DD-034D-4CD1-80FA-1D3006AA8A71}.Debug|Any CPU.Build.0 = Debug|Any CPU
		{4CCA69DD-034D-4CD1-80FA-1D3006AA8A71}.Release|Any CPU.ActiveCfg = Release|Any CPU
		{4CCA69DD-034D-4CD1-80FA-1D3006AA8A71}.Release|Any CPU.Build.0 = Release|Any CPU
		{D84A8664-A419-4CCC-9E8C-88739090F7EC}.Debug|Any CPU.ActiveCfg = Debug|Any CPU
		{D84A8664-A419-4CCC-9E8C-88739090F7EC}.Debug|Any CPU.Build.0 = Debug|Any CPU
		{D84A8664-A419-4CCC-9E8C-88739090F7EC}.Release|Any CPU.ActiveCfg = Release|Any CPU
		{D84A8664-A419-4CCC-9E8C-88739090F7EC}.Release|Any CPU.Build.0 = Release|Any CPU
		{4F62C43A-2262-4DAF-85E2-F7EDD8560330}.Debug|Any CPU.ActiveCfg = Debug|Any CPU
		{4F62C43A-2262-4DAF-85E2-F7EDD8560330}.Debug|Any CPU.Build.0 = Debug|Any CPU
		{4F62C43A-2262-4DAF-85E2-F7EDD8560330}.Release|Any CPU.ActiveCfg = Release|Any CPU
		{4F62C43A-2262-4DAF-85E2-F7EDD8560330}.Release|Any CPU.Build.0 = Release|Any CPU
		{61FCEE25-6A00-409E-A1D2-448357CC91A3}.Debug|Any CPU.ActiveCfg = Debug|Any CPU
		{61FCEE25-6A00-409E-A1D2-448357CC91A3}.Debug|Any CPU.Build.0 = Debug|Any CPU
		{61FCEE25-6A00-409E-A1D2-448357CC91A3}.Release|Any CPU.ActiveCfg = Release|Any CPU
		{61FCEE25-6A00-409E-A1D2-448357CC91A3}.Release|Any CPU.Build.0 = Release|Any CPU
		{A3933D84-01F6-42DF-B925-BE38C6316DF0}.Debug|Any CPU.ActiveCfg = Debug|Any CPU
		{A3933D84-01F6-42DF-B925-BE38C6316DF0}.Debug|Any CPU.Build.0 = Debug|Any CPU
		{A3933D84-01F6-42DF-B925-BE38C6316DF0}.Release|Any CPU.ActiveCfg = Release|Any CPU
		{A3933D84-01F6-42DF-B925-BE38C6316DF0}.Release|Any CPU.Build.0 = Release|Any CPU
		{F616E070-71F8-49CA-ACCD-CB8EA5F6C500}.Debug|Any CPU.ActiveCfg = Debug|Any CPU
		{F616E070-71F8-49CA-ACCD-CB8EA5F6C500}.Debug|Any CPU.Build.0 = Debug|Any CPU
		{F616E070-71F8-49CA-ACCD-CB8EA5F6C500}.Release|Any CPU.ActiveCfg = Release|Any CPU
		{F616E070-71F8-49CA-ACCD-CB8EA5F6C500}.Release|Any CPU.Build.0 = Release|Any CPU
		{28A8727D-771F-4089-BFD9-FD32D71B8B66}.Debug|Any CPU.ActiveCfg = Debug|Any CPU
		{28A8727D-771F-4089-BFD9-FD32D71B8B66}.Debug|Any CPU.Build.0 = Debug|Any CPU
		{28A8727D-771F-4089-BFD9-FD32D71B8B66}.Release|Any CPU.ActiveCfg = Release|Any CPU
		{28A8727D-771F-4089-BFD9-FD32D71B8B66}.Release|Any CPU.Build.0 = Release|Any CPU
		{B0002319-DB5A-4E0D-86BA-DC9F5DEE1D81}.Debug|Any CPU.ActiveCfg = Debug|Any CPU
		{B0002319-DB5A-4E0D-86BA-DC9F5DEE1D81}.Debug|Any CPU.Build.0 = Debug|Any CPU
		{B0002319-DB5A-4E0D-86BA-DC9F5DEE1D81}.Release|Any CPU.ActiveCfg = Release|Any CPU
		{B0002319-DB5A-4E0D-86BA-DC9F5DEE1D81}.Release|Any CPU.Build.0 = Release|Any CPU
		{EEFAC071-3C30-48F5-B1E6-50ABBAECB4D2}.Debug|Any CPU.ActiveCfg = Debug|Any CPU
		{EEFAC071-3C30-48F5-B1E6-50ABBAECB4D2}.Debug|Any CPU.Build.0 = Debug|Any CPU
		{EEFAC071-3C30-48F5-B1E6-50ABBAECB4D2}.Release|Any CPU.ActiveCfg = Release|Any CPU
		{EEFAC071-3C30-48F5-B1E6-50ABBAECB4D2}.Release|Any CPU.Build.0 = Release|Any CPU
		{921F2C01-9B6B-4012-ABA7-9FCA079EC442}.Debug|Any CPU.ActiveCfg = Debug|Any CPU
		{921F2C01-9B6B-4012-ABA7-9FCA079EC442}.Debug|Any CPU.Build.0 = Debug|Any CPU
		{921F2C01-9B6B-4012-ABA7-9FCA079EC442}.Release|Any CPU.ActiveCfg = Release|Any CPU
		{921F2C01-9B6B-4012-ABA7-9FCA079EC442}.Release|Any CPU.Build.0 = Release|Any CPU
		{D192211D-6E1A-4E5D-9351-672D0966D01A}.Debug|Any CPU.ActiveCfg = Debug|Any CPU
		{D192211D-6E1A-4E5D-9351-672D0966D01A}.Debug|Any CPU.Build.0 = Debug|Any CPU
		{D192211D-6E1A-4E5D-9351-672D0966D01A}.Release|Any CPU.ActiveCfg = Release|Any CPU
		{D192211D-6E1A-4E5D-9351-672D0966D01A}.Release|Any CPU.Build.0 = Release|Any CPU
		{958A84C6-776A-49BC-AC84-4C45197DC400}.Debug|Any CPU.ActiveCfg = Debug|Any CPU
		{958A84C6-776A-49BC-AC84-4C45197DC400}.Debug|Any CPU.Build.0 = Debug|Any CPU
		{958A84C6-776A-49BC-AC84-4C45197DC400}.Release|Any CPU.ActiveCfg = Release|Any CPU
		{958A84C6-776A-49BC-AC84-4C45197DC400}.Release|Any CPU.Build.0 = Release|Any CPU
		{BA0BDD21-1429-47D4-877D-C20D6DE55BCF}.Debug|Any CPU.ActiveCfg = Debug|Any CPU
		{BA0BDD21-1429-47D4-877D-C20D6DE55BCF}.Debug|Any CPU.Build.0 = Debug|Any CPU
		{BA0BDD21-1429-47D4-877D-C20D6DE55BCF}.Release|Any CPU.ActiveCfg = Release|Any CPU
		{BA0BDD21-1429-47D4-877D-C20D6DE55BCF}.Release|Any CPU.Build.0 = Release|Any CPU
		{D945D78B-888B-4EFA-B190-994E1D6B7258}.Debug|Any CPU.ActiveCfg = Debug|Any CPU
		{D945D78B-888B-4EFA-B190-994E1D6B7258}.Debug|Any CPU.Build.0 = Debug|Any CPU
		{D945D78B-888B-4EFA-B190-994E1D6B7258}.Release|Any CPU.ActiveCfg = Release|Any CPU
		{D945D78B-888B-4EFA-B190-994E1D6B7258}.Release|Any CPU.Build.0 = Release|Any CPU
		{E815C024-D7C0-4F0A-911B-1233D1991FFC}.Debug|Any CPU.ActiveCfg = Debug|Any CPU
		{E815C024-D7C0-4F0A-911B-1233D1991FFC}.Debug|Any CPU.Build.0 = Debug|Any CPU
		{E815C024-D7C0-4F0A-911B-1233D1991FFC}.Release|Any CPU.ActiveCfg = Release|Any CPU
		{E815C024-D7C0-4F0A-911B-1233D1991FFC}.Release|Any CPU.Build.0 = Release|Any CPU
		{15F5FA88-4EA5-4556-820F-C29F0F873532}.Debug|Any CPU.ActiveCfg = Debug|Any CPU
		{15F5FA88-4EA5-4556-820F-C29F0F873532}.Debug|Any CPU.Build.0 = Debug|Any CPU
		{15F5FA88-4EA5-4556-820F-C29F0F873532}.Release|Any CPU.ActiveCfg = Release|Any CPU
		{15F5FA88-4EA5-4556-820F-C29F0F873532}.Release|Any CPU.Build.0 = Release|Any CPU
	EndGlobalSection
	GlobalSection(SolutionProperties) = preSolution
		HideSolutionNode = FALSE
	EndGlobalSection
	GlobalSection(NestedProjects) = preSolution
		{BB2E0585-68EF-44B1-9CBB-F23A99292018} = {4FCA2F8C-0299-455F-973F-84970BD71193}
		{B1B4AF0D-BE0C-4D4A-B659-3D7780220978} = {BB2E0585-68EF-44B1-9CBB-F23A99292018}
		{109DEA83-38C3-4931-AFDE-AE81BAA44A04} = {BB2E0585-68EF-44B1-9CBB-F23A99292018}
		{4CCA69DD-034D-4CD1-80FA-1D3006AA8A71} = {0B821858-8E47-4485-AC06-D2E971A53EB2}
		{D84A8664-A419-4CCC-9E8C-88739090F7EC} = {0B821858-8E47-4485-AC06-D2E971A53EB2}
		{4F62C43A-2262-4DAF-85E2-F7EDD8560330} = {EFB05081-EC44-49D3-B6D1-52AE42085B5B}
		{61FCEE25-6A00-409E-A1D2-448357CC91A3} = {EFB05081-EC44-49D3-B6D1-52AE42085B5B}
		{A3933D84-01F6-42DF-B925-BE38C6316DF0} = {0B821858-8E47-4485-AC06-D2E971A53EB2}
		{F616E070-71F8-49CA-ACCD-CB8EA5F6C500} = {EFB05081-EC44-49D3-B6D1-52AE42085B5B}
		{28A8727D-771F-4089-BFD9-FD32D71B8B66} = {0B821858-8E47-4485-AC06-D2E971A53EB2}
		{B0002319-DB5A-4E0D-86BA-DC9F5DEE1D81} = {EFB05081-EC44-49D3-B6D1-52AE42085B5B}
		{EEFAC071-3C30-48F5-B1E6-50ABBAECB4D2} = {0B821858-8E47-4485-AC06-D2E971A53EB2}
		{921F2C01-9B6B-4012-ABA7-9FCA079EC442} = {0B821858-8E47-4485-AC06-D2E971A53EB2}
		{D192211D-6E1A-4E5D-9351-672D0966D01A} = {EFB05081-EC44-49D3-B6D1-52AE42085B5B}
		{958A84C6-776A-49BC-AC84-4C45197DC400} = {EFB05081-EC44-49D3-B6D1-52AE42085B5B}
		{BA0BDD21-1429-47D4-877D-C20D6DE55BCF} = {0B821858-8E47-4485-AC06-D2E971A53EB2}
		{D945D78B-888B-4EFA-B190-994E1D6B7258} = {EFB05081-EC44-49D3-B6D1-52AE42085B5B}
		{E815C024-D7C0-4F0A-911B-1233D1991FFC} = {0B821858-8E47-4485-AC06-D2E971A53EB2}
		{15F5FA88-4EA5-4556-820F-C29F0F873532} = {EFB05081-EC44-49D3-B6D1-52AE42085B5B}
	EndGlobalSection
EndGlobal
